
Microsoft Visual Studio Solution File, Format Version 12.00
# Visual Studio Version 16
VisualStudioVersion = 16.0.28729.10
MinimumVisualStudioVersion = 10.0.40219.1
Project("{9A19103F-16F7-4668-BE54-9A1E7A4F7556}") = "Mozlite.Core", "Mozlite.Core\Mozlite.Core.csproj", "{6A9793E7-1789-42C9-AE75-EA2D6F6D06C4}"
EndProject
Project("{9A19103F-16F7-4668-BE54-9A1E7A4F7556}") = "Mozlite.Data", "Mozlite.Data\Mozlite.Data.csproj", "{4D86A978-E398-4D6E-BF6B-F5ED00DE69D1}"
EndProject
Project("{9A19103F-16F7-4668-BE54-9A1E7A4F7556}") = "Mozlite.Data.SqlServer", "Mozlite.Data.SqlServer\Mozlite.Data.SqlServer.csproj", "{A0AC05BC-93D3-4731-BDC8-EAD899AA3260}"
EndProject
Project("{9A19103F-16F7-4668-BE54-9A1E7A4F7556}") = "Mozlite.Mvc", "Mozlite.Mvc\Mozlite.Mvc.csproj", "{843F6068-43F2-4B54-B3E9-6EC7246EA2C1}"
EndProject
Project("{9A19103F-16F7-4668-BE54-9A1E7A4F7556}") = "Mozlite.Extensions.Storages", "Mozlite.Extensions.Storages\Mozlite.Extensions.Storages.csproj", "{D5772072-8292-488C-B7B0-1ABE087A8830}"
EndProject
Project("{9A19103F-16F7-4668-BE54-9A1E7A4F7556}") = "Mozlite.Extensions", "Mozlite.Extensions\Mozlite.Extensions.csproj", "{4A6F63B8-A097-4A7F-8F50-AE2476924643}"
EndProject
Project("{2150E333-8FDC-42A3-9474-1A3956D46DE8}") = "tests", "tests", "{A07144ED-071A-49A5-B2F3-A8BB3D573F00}"
EndProject
Project("{9A19103F-16F7-4668-BE54-9A1E7A4F7556}") = "Mozlite.Core.Tests", "Tests\Mozlite.Core.Tests\Mozlite.Core.Tests.csproj", "{610D6831-7DF8-4EBC-BF08-225AB079B8C9}"
EndProject
Project("{2150E333-8FDC-42A3-9474-1A3956D46DE8}") = "src", "src", "{AF72D1C2-C05F-4B45-B2ED-9001F1B908DA}"
EndProject
Project("{9A19103F-16F7-4668-BE54-9A1E7A4F7556}") = "Mozlite.Mvc.Tests", "Tests\Mozlite.Mvc.Tests\Mozlite.Mvc.Tests.csproj", "{5ED07115-5DD8-4EDA-867E-76D7D6A86AD6}"
EndProject
Project("{9A19103F-16F7-4668-BE54-9A1E7A4F7556}") = "Mozlite.Extensions.Storages.Tests", "Tests\Mozlite.Extensions.Storages.Tests\Mozlite.Extensions.Storages.Tests.csproj", "{C806925A-7C43-407C-9F84-979D9D90C18C}"
EndProject
Project("{9A19103F-16F7-4668-BE54-9A1E7A4F7556}") = "Mozlite.Mvc.RazorUI", "Mozlite.Mvc.RazorUI\Mozlite.Mvc.RazorUI.csproj", "{A557C45C-CF27-4097-BF92-3A6E6493CBFA}"
EndProject
Project("{9A19103F-16F7-4668-BE54-9A1E7A4F7556}") = "Mozlite.Extensions.OpenServices", "Mozlite.Extensions.OpenServices\Mozlite.Extensions.OpenServices.csproj", "{6BF440C3-8178-4E9C-9C2E-32AAAA921B4C}"
EndProject
Project("{9A19103F-16F7-4668-BE54-9A1E7A4F7556}") = "MozliteDemo", "MozliteDemo\MozliteDemo.csproj", "{32DDEEE8-804F-4BA5-B12D-0F792DF833C9}"
EndProject
Project("{9A19103F-16F7-4668-BE54-9A1E7A4F7556}") = "MozliteDemo.Extensions", "MozliteDemo.Extensions\MozliteDemo.Extensions.csproj", "{9A3F488A-5327-4D43-BD0C-53347B64EA07}"
EndProject
Project("{9A19103F-16F7-4668-BE54-9A1E7A4F7556}") = "MozliteDemo.Extensions.Security", "MozliteDemo.Extensions.Security\MozliteDemo.Extensions.Security.csproj", "{D73B1D0D-2E33-496D-B985-2FDB22ADD17D}"
EndProject
Project("{9A19103F-16F7-4668-BE54-9A1E7A4F7556}") = "MozliteDemo.Extensions.ProjectManager", "MozliteDemo.Extensions.ProjectManager\MozliteDemo.Extensions.ProjectManager.csproj", "{25E90B0C-40DD-46CF-A677-52630EBC36D7}"
EndProject
Global
	GlobalSection(SolutionConfigurationPlatforms) = preSolution
		Debug|Any CPU = Debug|Any CPU
		Release|Any CPU = Release|Any CPU
	EndGlobalSection
	GlobalSection(ProjectConfigurationPlatforms) = postSolution
		{6A9793E7-1789-42C9-AE75-EA2D6F6D06C4}.Debug|Any CPU.ActiveCfg = Debug|Any CPU
		{6A9793E7-1789-42C9-AE75-EA2D6F6D06C4}.Debug|Any CPU.Build.0 = Debug|Any CPU
		{6A9793E7-1789-42C9-AE75-EA2D6F6D06C4}.Release|Any CPU.ActiveCfg = Release|Any CPU
		{6A9793E7-1789-42C9-AE75-EA2D6F6D06C4}.Release|Any CPU.Build.0 = Release|Any CPU
		{4D86A978-E398-4D6E-BF6B-F5ED00DE69D1}.Debug|Any CPU.ActiveCfg = Debug|Any CPU
		{4D86A978-E398-4D6E-BF6B-F5ED00DE69D1}.Debug|Any CPU.Build.0 = Debug|Any CPU
		{4D86A978-E398-4D6E-BF6B-F5ED00DE69D1}.Release|Any CPU.ActiveCfg = Release|Any CPU
		{4D86A978-E398-4D6E-BF6B-F5ED00DE69D1}.Release|Any CPU.Build.0 = Release|Any CPU
		{A0AC05BC-93D3-4731-BDC8-EAD899AA3260}.Debug|Any CPU.ActiveCfg = Debug|Any CPU
		{A0AC05BC-93D3-4731-BDC8-EAD899AA3260}.Debug|Any CPU.Build.0 = Debug|Any CPU
		{A0AC05BC-93D3-4731-BDC8-EAD899AA3260}.Release|Any CPU.ActiveCfg = Release|Any CPU
		{A0AC05BC-93D3-4731-BDC8-EAD899AA3260}.Release|Any CPU.Build.0 = Release|Any CPU
		{843F6068-43F2-4B54-B3E9-6EC7246EA2C1}.Debug|Any CPU.ActiveCfg = Debug|Any CPU
		{843F6068-43F2-4B54-B3E9-6EC7246EA2C1}.Debug|Any CPU.Build.0 = Debug|Any CPU
		{843F6068-43F2-4B54-B3E9-6EC7246EA2C1}.Release|Any CPU.ActiveCfg = Release|Any CPU
		{843F6068-43F2-4B54-B3E9-6EC7246EA2C1}.Release|Any CPU.Build.0 = Release|Any CPU
		{D5772072-8292-488C-B7B0-1ABE087A8830}.Debug|Any CPU.ActiveCfg = Debug|Any CPU
		{D5772072-8292-488C-B7B0-1ABE087A8830}.Debug|Any CPU.Build.0 = Debug|Any CPU
		{D5772072-8292-488C-B7B0-1ABE087A8830}.Release|Any CPU.ActiveCfg = Release|Any CPU
		{D5772072-8292-488C-B7B0-1ABE087A8830}.Release|Any CPU.Build.0 = Release|Any CPU
		{4A6F63B8-A097-4A7F-8F50-AE2476924643}.Debug|Any CPU.ActiveCfg = Debug|Any CPU
		{4A6F63B8-A097-4A7F-8F50-AE2476924643}.Debug|Any CPU.Build.0 = Debug|Any CPU
		{4A6F63B8-A097-4A7F-8F50-AE2476924643}.Release|Any CPU.ActiveCfg = Release|Any CPU
		{4A6F63B8-A097-4A7F-8F50-AE2476924643}.Release|Any CPU.Build.0 = Release|Any CPU
		{610D6831-7DF8-4EBC-BF08-225AB079B8C9}.Debug|Any CPU.ActiveCfg = Debug|Any CPU
		{610D6831-7DF8-4EBC-BF08-225AB079B8C9}.Debug|Any CPU.Build.0 = Debug|Any CPU
		{610D6831-7DF8-4EBC-BF08-225AB079B8C9}.Release|Any CPU.ActiveCfg = Release|Any CPU
		{610D6831-7DF8-4EBC-BF08-225AB079B8C9}.Release|Any CPU.Build.0 = Release|Any CPU
		{5ED07115-5DD8-4EDA-867E-76D7D6A86AD6}.Debug|Any CPU.ActiveCfg = Debug|Any CPU
		{5ED07115-5DD8-4EDA-867E-76D7D6A86AD6}.Debug|Any CPU.Build.0 = Debug|Any CPU
		{5ED07115-5DD8-4EDA-867E-76D7D6A86AD6}.Release|Any CPU.ActiveCfg = Release|Any CPU
		{5ED07115-5DD8-4EDA-867E-76D7D6A86AD6}.Release|Any CPU.Build.0 = Release|Any CPU
		{C806925A-7C43-407C-9F84-979D9D90C18C}.Debug|Any CPU.ActiveCfg = Debug|Any CPU
		{C806925A-7C43-407C-9F84-979D9D90C18C}.Debug|Any CPU.Build.0 = Debug|Any CPU
		{C806925A-7C43-407C-9F84-979D9D90C18C}.Release|Any CPU.ActiveCfg = Release|Any CPU
		{C806925A-7C43-407C-9F84-979D9D90C18C}.Release|Any CPU.Build.0 = Release|Any CPU
		{A557C45C-CF27-4097-BF92-3A6E6493CBFA}.Debug|Any CPU.ActiveCfg = Debug|Any CPU
		{A557C45C-CF27-4097-BF92-3A6E6493CBFA}.Debug|Any CPU.Build.0 = Debug|Any CPU
		{A557C45C-CF27-4097-BF92-3A6E6493CBFA}.Release|Any CPU.ActiveCfg = Release|Any CPU
		{A557C45C-CF27-4097-BF92-3A6E6493CBFA}.Release|Any CPU.Build.0 = Release|Any CPU
		{6BF440C3-8178-4E9C-9C2E-32AAAA921B4C}.Debug|Any CPU.ActiveCfg = Debug|Any CPU
		{6BF440C3-8178-4E9C-9C2E-32AAAA921B4C}.Debug|Any CPU.Build.0 = Debug|Any CPU
		{6BF440C3-8178-4E9C-9C2E-32AAAA921B4C}.Release|Any CPU.ActiveCfg = Release|Any CPU
		{6BF440C3-8178-4E9C-9C2E-32AAAA921B4C}.Release|Any CPU.Build.0 = Release|Any CPU
		{32DDEEE8-804F-4BA5-B12D-0F792DF833C9}.Debug|Any CPU.ActiveCfg = Debug|Any CPU
		{32DDEEE8-804F-4BA5-B12D-0F792DF833C9}.Debug|Any CPU.Build.0 = Debug|Any CPU
		{32DDEEE8-804F-4BA5-B12D-0F792DF833C9}.Release|Any CPU.ActiveCfg = Release|Any CPU
		{32DDEEE8-804F-4BA5-B12D-0F792DF833C9}.Release|Any CPU.Build.0 = Release|Any CPU
		{9A3F488A-5327-4D43-BD0C-53347B64EA07}.Debug|Any CPU.ActiveCfg = Debug|Any CPU
		{9A3F488A-5327-4D43-BD0C-53347B64EA07}.Debug|Any CPU.Build.0 = Debug|Any CPU
		{9A3F488A-5327-4D43-BD0C-53347B64EA07}.Release|Any CPU.ActiveCfg = Release|Any CPU
		{9A3F488A-5327-4D43-BD0C-53347B64EA07}.Release|Any CPU.Build.0 = Release|Any CPU
		{D73B1D0D-2E33-496D-B985-2FDB22ADD17D}.Debug|Any CPU.ActiveCfg = Debug|Any CPU
		{D73B1D0D-2E33-496D-B985-2FDB22ADD17D}.Debug|Any CPU.Build.0 = Debug|Any CPU
		{D73B1D0D-2E33-496D-B985-2FDB22ADD17D}.Release|Any CPU.ActiveCfg = Release|Any CPU
		{D73B1D0D-2E33-496D-B985-2FDB22ADD17D}.Release|Any CPU.Build.0 = Release|Any CPU
		{25E90B0C-40DD-46CF-A677-52630EBC36D7}.Debug|Any CPU.ActiveCfg = Debug|Any CPU
		{25E90B0C-40DD-46CF-A677-52630EBC36D7}.Debug|Any CPU.Build.0 = Debug|Any CPU
		{25E90B0C-40DD-46CF-A677-52630EBC36D7}.Release|Any CPU.ActiveCfg = Release|Any CPU
		{25E90B0C-40DD-46CF-A677-52630EBC36D7}.Release|Any CPU.Build.0 = Release|Any CPU
	EndGlobalSection
	GlobalSection(SolutionProperties) = preSolution
		HideSolutionNode = FALSE
	EndGlobalSection
	GlobalSection(NestedProjects) = preSolution
		{6A9793E7-1789-42C9-AE75-EA2D6F6D06C4} = {AF72D1C2-C05F-4B45-B2ED-9001F1B908DA}
		{4D86A978-E398-4D6E-BF6B-F5ED00DE69D1} = {AF72D1C2-C05F-4B45-B2ED-9001F1B908DA}
		{A0AC05BC-93D3-4731-BDC8-EAD899AA3260} = {AF72D1C2-C05F-4B45-B2ED-9001F1B908DA}
		{843F6068-43F2-4B54-B3E9-6EC7246EA2C1} = {AF72D1C2-C05F-4B45-B2ED-9001F1B908DA}
		{D5772072-8292-488C-B7B0-1ABE087A8830} = {AF72D1C2-C05F-4B45-B2ED-9001F1B908DA}
		{4A6F63B8-A097-4A7F-8F50-AE2476924643} = {AF72D1C2-C05F-4B45-B2ED-9001F1B908DA}
		{610D6831-7DF8-4EBC-BF08-225AB079B8C9} = {A07144ED-071A-49A5-B2F3-A8BB3D573F00}
		{5ED07115-5DD8-4EDA-867E-76D7D6A86AD6} = {A07144ED-071A-49A5-B2F3-A8BB3D573F00}
		{C806925A-7C43-407C-9F84-979D9D90C18C} = {A07144ED-071A-49A5-B2F3-A8BB3D573F00}
		{A557C45C-CF27-4097-BF92-3A6E6493CBFA} = {AF72D1C2-C05F-4B45-B2ED-9001F1B908DA}
		{6BF440C3-8178-4E9C-9C2E-32AAAA921B4C} = {AF72D1C2-C05F-4B45-B2ED-9001F1B908DA}
		{32DDEEE8-804F-4BA5-B12D-0F792DF833C9} = {AF72D1C2-C05F-4B45-B2ED-9001F1B908DA}
		{9A3F488A-5327-4D43-BD0C-53347B64EA07} = {AF72D1C2-C05F-4B45-B2ED-9001F1B908DA}
		{D73B1D0D-2E33-496D-B985-2FDB22ADD17D} = {AF72D1C2-C05F-4B45-B2ED-9001F1B908DA}
		{25E90B0C-40DD-46CF-A677-52630EBC36D7} = {AF72D1C2-C05F-4B45-B2ED-9001F1B908DA}
	EndGlobalSection
	GlobalSection(ExtensibilityGlobals) = postSolution
		SolutionGuid = {251F6AEA-87FC-4AE7-9351-4607AB4EB97D}
	EndGlobalSection
EndGlobal
