
Microsoft Visual Studio Solution File, Format Version 12.00
# Visual Studio 15
VisualStudioVersion = 15.0.26730.16
MinimumVisualStudioVersion = 10.0.40219.1
Project("{FAE04EC0-301F-11D3-BF4B-00C04F79EFBC}") = "Mozlite", "Mozlite\Mozlite.csproj", "{0AE16D9B-6A7F-4DEA-8707-A9734AC65C9C}"
EndProject
Project("{9A19103F-16F7-4668-BE54-9A1E7A4F7556}") = "Mozlite.Core", "..\Mozlite.Core\Mozlite.Core.csproj", "{6A9793E7-1789-42C9-AE75-EA2D6F6D06C4}"
EndProject
Global
	GlobalSection(SolutionConfigurationPlatforms) = preSolution
		Debug|Any CPU = Debug|Any CPU
		Release|Any CPU = Release|Any CPU
	EndGlobalSection
	GlobalSection(ProjectConfigurationPlatforms) = postSolution
		{0AE16D9B-6A7F-4DEA-8707-A9734AC65C9C}.Debug|Any CPU.ActiveCfg = Debug|Any CPU
		{0AE16D9B-6A7F-4DEA-8707-A9734AC65C9C}.Debug|Any CPU.Build.0 = Debug|Any CPU
		{0AE16D9B-6A7F-4DEA-8707-A9734AC65C9C}.Release|Any CPU.ActiveCfg = Release|Any CPU
		{0AE16D9B-6A7F-4DEA-8707-A9734AC65C9C}.Release|Any CPU.Build.0 = Release|Any CPU
		{6A9793E7-1789-42C9-AE75-EA2D6F6D06C4}.Debug|Any CPU.ActiveCfg = Debug|Any CPU
		{6A9793E7-1789-42C9-AE75-EA2D6F6D06C4}.Debug|Any CPU.Build.0 = Debug|Any CPU
		{6A9793E7-1789-42C9-AE75-EA2D6F6D06C4}.Release|Any CPU.ActiveCfg = Release|Any CPU
		{6A9793E7-1789-42C9-AE75-EA2D6F6D06C4}.Release|Any CPU.Build.0 = Release|Any CPU
	EndGlobalSection
	GlobalSection(SolutionProperties) = preSolution
		HideSolutionNode = FALSE
	EndGlobalSection
	GlobalSection(ExtensibilityGlobals) = postSolution
		SolutionGuid = {251F6AEA-87FC-4AE7-9351-4607AB4EB97D}
	EndGlobalSection
EndGlobal
